
Microsoft Visual Studio Solution File, Format Version 11.00
# Visual Studio 2010
Project("{FAE04EC0-301F-11D3-BF4B-00C04F79EFBC}") = "SeeCodes", "Assembly-CSharp.csproj", "{7BECA678-C78B-3B0A-99D8-E49D787A7D42}"
EndProject
Project("{FAE04EC0-301F-11D3-BF4B-00C04F79EFBC}") = "SeeCodes", "Assembly-CSharp-Editor.csproj", "{2262BF8B-E165-BE04-76B9-3A46F6B882D7}"
EndProject
Global
	GlobalSection(SolutionConfigurationPlatforms) = preSolution
		Debug|Any CPU = Debug|Any CPU
		Release|Any CPU = Release|Any CPU
	EndGlobalSection
	GlobalSection(ProjectConfigurationPlatforms) = postSolution
		{7BECA678-C78B-3B0A-99D8-E49D787A7D42}.Debug|Any CPU.ActiveCfg = Debug|Any CPU
		{7BECA678-C78B-3B0A-99D8-E49D787A7D42}.Debug|Any CPU.Build.0 = Debug|Any CPU
		{7BECA678-C78B-3B0A-99D8-E49D787A7D42}.Release|Any CPU.ActiveCfg = Release|Any CPU
		{7BECA678-C78B-3B0A-99D8-E49D787A7D42}.Release|Any CPU.Build.0 = Release|Any CPU
		{2262BF8B-E165-BE04-76B9-3A46F6B882D7}.Debug|Any CPU.ActiveCfg = Debug|Any CPU
		{2262BF8B-E165-BE04-76B9-3A46F6B882D7}.Debug|Any CPU.Build.0 = Debug|Any CPU
		{2262BF8B-E165-BE04-76B9-3A46F6B882D7}.Release|Any CPU.ActiveCfg = Release|Any CPU
		{2262BF8B-E165-BE04-76B9-3A46F6B882D7}.Release|Any CPU.Build.0 = Release|Any CPU
	EndGlobalSection
	GlobalSection(SolutionProperties) = preSolution
		HideSolutionNode = FALSE
	EndGlobalSection
	GlobalSection(MonoDevelopProperties) = preSolution
		StartupItem = Assembly-CSharp.csproj
	EndGlobalSection
EndGlobal
