
Microsoft Visual Studio Solution File, Format Version 11.00
# Visual Studio 2010
Project("{FAE04EC0-301F-11D3-BF4B-00C04F79EFBC}") = "T3 - Finalizado e funcionando - Aplicação utilizando arvore", "Assembly-CSharp.csproj", "{1EBA2012-E0C1-F79C-FFB8-2286FA964946}"
EndProject
Project("{FAE04EC0-301F-11D3-BF4B-00C04F79EFBC}") = "T3 - Finalizado e funcionando - Aplicação utilizando arvore", "Assembly-CSharp-Editor.csproj", "{5E23983E-DC04-6A5D-6809-0D4CEDD1B245}"
EndProject
Global
	GlobalSection(SolutionConfigurationPlatforms) = preSolution
		Debug|Any CPU = Debug|Any CPU
		Release|Any CPU = Release|Any CPU
	EndGlobalSection
	GlobalSection(ProjectConfigurationPlatforms) = postSolution
		{1EBA2012-E0C1-F79C-FFB8-2286FA964946}.Debug|Any CPU.ActiveCfg = Debug|Any CPU
		{1EBA2012-E0C1-F79C-FFB8-2286FA964946}.Debug|Any CPU.Build.0 = Debug|Any CPU
		{1EBA2012-E0C1-F79C-FFB8-2286FA964946}.Release|Any CPU.ActiveCfg = Release|Any CPU
		{1EBA2012-E0C1-F79C-FFB8-2286FA964946}.Release|Any CPU.Build.0 = Release|Any CPU
		{5E23983E-DC04-6A5D-6809-0D4CEDD1B245}.Debug|Any CPU.ActiveCfg = Debug|Any CPU
		{5E23983E-DC04-6A5D-6809-0D4CEDD1B245}.Debug|Any CPU.Build.0 = Debug|Any CPU
		{5E23983E-DC04-6A5D-6809-0D4CEDD1B245}.Release|Any CPU.ActiveCfg = Release|Any CPU
		{5E23983E-DC04-6A5D-6809-0D4CEDD1B245}.Release|Any CPU.Build.0 = Release|Any CPU
	EndGlobalSection
	GlobalSection(SolutionProperties) = preSolution
		HideSolutionNode = FALSE
	EndGlobalSection
	GlobalSection(MonoDevelopProperties) = preSolution
		StartupItem = Assembly-CSharp.csproj
	EndGlobalSection
EndGlobal
