
Microsoft Visual Studio Solution File, Format Version 11.00
# Visual Studio 2010
Project("{FAE04EC0-301F-11D3-BF4B-00C04F79EFBC}") = "T3_Arvore", "Assembly-CSharp.csproj", "{78E689E2-B577-34F6-4651-A4A32A9F253D}"
EndProject
Project("{FAE04EC0-301F-11D3-BF4B-00C04F79EFBC}") = "T3_Arvore", "Assembly-CSharp-Editor.csproj", "{C3278936-8CCB-D2C0-D7DE-4A2520DB61B0}"
EndProject
Global
	GlobalSection(SolutionConfigurationPlatforms) = preSolution
		Debug|Any CPU = Debug|Any CPU
		Release|Any CPU = Release|Any CPU
	EndGlobalSection
	GlobalSection(ProjectConfigurationPlatforms) = postSolution
		{78E689E2-B577-34F6-4651-A4A32A9F253D}.Debug|Any CPU.ActiveCfg = Debug|Any CPU
		{78E689E2-B577-34F6-4651-A4A32A9F253D}.Debug|Any CPU.Build.0 = Debug|Any CPU
		{78E689E2-B577-34F6-4651-A4A32A9F253D}.Release|Any CPU.ActiveCfg = Release|Any CPU
		{78E689E2-B577-34F6-4651-A4A32A9F253D}.Release|Any CPU.Build.0 = Release|Any CPU
		{C3278936-8CCB-D2C0-D7DE-4A2520DB61B0}.Debug|Any CPU.ActiveCfg = Debug|Any CPU
		{C3278936-8CCB-D2C0-D7DE-4A2520DB61B0}.Debug|Any CPU.Build.0 = Debug|Any CPU
		{C3278936-8CCB-D2C0-D7DE-4A2520DB61B0}.Release|Any CPU.ActiveCfg = Release|Any CPU
		{C3278936-8CCB-D2C0-D7DE-4A2520DB61B0}.Release|Any CPU.Build.0 = Release|Any CPU
	EndGlobalSection
	GlobalSection(SolutionProperties) = preSolution
		HideSolutionNode = FALSE
	EndGlobalSection
	GlobalSection(MonoDevelopProperties) = preSolution
		StartupItem = Assembly-CSharp.csproj
	EndGlobalSection
EndGlobal
