
Microsoft Visual Studio Solution File, Format Version 11.00
# Visual Studio 2010
Project("{FAE04EC0-301F-11D3-BF4B-00C04F79EFBC}") = "ProjetoUnity", "Assembly-CSharp.csproj", "{5D6EF227-7F7A-E0A3-02C2-920301F0B29A}"
EndProject
Project("{FAE04EC0-301F-11D3-BF4B-00C04F79EFBC}") = "ProjetoUnity", "Assembly-CSharp-firstpass.csproj", "{18CC4846-B514-14AA-3241-F6CC1828B1D2}"
EndProject
Project("{FAE04EC0-301F-11D3-BF4B-00C04F79EFBC}") = "ProjetoUnity", "Assembly-CSharp-Editor-firstpass.csproj", "{27217486-A17C-133D-985D-39BF77BF44A0}"
EndProject
Global
	GlobalSection(SolutionConfigurationPlatforms) = preSolution
		Debug|Any CPU = Debug|Any CPU
		Release|Any CPU = Release|Any CPU
	EndGlobalSection
	GlobalSection(ProjectConfigurationPlatforms) = postSolution
		{5D6EF227-7F7A-E0A3-02C2-920301F0B29A}.Debug|Any CPU.ActiveCfg = Debug|Any CPU
		{5D6EF227-7F7A-E0A3-02C2-920301F0B29A}.Debug|Any CPU.Build.0 = Debug|Any CPU
		{5D6EF227-7F7A-E0A3-02C2-920301F0B29A}.Release|Any CPU.ActiveCfg = Release|Any CPU
		{5D6EF227-7F7A-E0A3-02C2-920301F0B29A}.Release|Any CPU.Build.0 = Release|Any CPU
		{18CC4846-B514-14AA-3241-F6CC1828B1D2}.Debug|Any CPU.ActiveCfg = Debug|Any CPU
		{18CC4846-B514-14AA-3241-F6CC1828B1D2}.Debug|Any CPU.Build.0 = Debug|Any CPU
		{18CC4846-B514-14AA-3241-F6CC1828B1D2}.Release|Any CPU.ActiveCfg = Release|Any CPU
		{18CC4846-B514-14AA-3241-F6CC1828B1D2}.Release|Any CPU.Build.0 = Release|Any CPU
		{27217486-A17C-133D-985D-39BF77BF44A0}.Debug|Any CPU.ActiveCfg = Debug|Any CPU
		{27217486-A17C-133D-985D-39BF77BF44A0}.Debug|Any CPU.Build.0 = Debug|Any CPU
		{27217486-A17C-133D-985D-39BF77BF44A0}.Release|Any CPU.ActiveCfg = Release|Any CPU
		{27217486-A17C-133D-985D-39BF77BF44A0}.Release|Any CPU.Build.0 = Release|Any CPU
	EndGlobalSection
	GlobalSection(SolutionProperties) = preSolution
		HideSolutionNode = FALSE
	EndGlobalSection
	GlobalSection(MonoDevelopProperties) = preSolution
		StartupItem = Assembly-CSharp.csproj
	EndGlobalSection
EndGlobal
