
Microsoft Visual Studio Solution File, Format Version 11.00
# Visual Studio 2010
Project("{FAE04EC0-301F-11D3-BF4B-00C04F79EFBC}") = "Tutorial_Udemy00", "Assembly-CSharp.csproj", "{FEDFC532-D51A-BC7B-1673-8DA8888E0E1F}"
EndProject
Project("{FAE04EC0-301F-11D3-BF4B-00C04F79EFBC}") = "Tutorial_Udemy00", "Assembly-CSharp-firstpass.csproj", "{AA2CCF42-A361-8011-108B-2D1E6EF152D5}"
EndProject
Project("{FAE04EC0-301F-11D3-BF4B-00C04F79EFBC}") = "Tutorial_Udemy00", "Assembly-CSharp-Editor-firstpass.csproj", "{1F6DC906-6080-FC56-EBB1-F3D2ADB30EC5}"
EndProject
Global
	GlobalSection(SolutionConfigurationPlatforms) = preSolution
		Debug|Any CPU = Debug|Any CPU
		Release|Any CPU = Release|Any CPU
	EndGlobalSection
	GlobalSection(ProjectConfigurationPlatforms) = postSolution
		{FEDFC532-D51A-BC7B-1673-8DA8888E0E1F}.Debug|Any CPU.ActiveCfg = Debug|Any CPU
		{FEDFC532-D51A-BC7B-1673-8DA8888E0E1F}.Debug|Any CPU.Build.0 = Debug|Any CPU
		{FEDFC532-D51A-BC7B-1673-8DA8888E0E1F}.Release|Any CPU.ActiveCfg = Release|Any CPU
		{FEDFC532-D51A-BC7B-1673-8DA8888E0E1F}.Release|Any CPU.Build.0 = Release|Any CPU
		{AA2CCF42-A361-8011-108B-2D1E6EF152D5}.Debug|Any CPU.ActiveCfg = Debug|Any CPU
		{AA2CCF42-A361-8011-108B-2D1E6EF152D5}.Debug|Any CPU.Build.0 = Debug|Any CPU
		{AA2CCF42-A361-8011-108B-2D1E6EF152D5}.Release|Any CPU.ActiveCfg = Release|Any CPU
		{AA2CCF42-A361-8011-108B-2D1E6EF152D5}.Release|Any CPU.Build.0 = Release|Any CPU
		{1F6DC906-6080-FC56-EBB1-F3D2ADB30EC5}.Debug|Any CPU.ActiveCfg = Debug|Any CPU
		{1F6DC906-6080-FC56-EBB1-F3D2ADB30EC5}.Debug|Any CPU.Build.0 = Debug|Any CPU
		{1F6DC906-6080-FC56-EBB1-F3D2ADB30EC5}.Release|Any CPU.ActiveCfg = Release|Any CPU
		{1F6DC906-6080-FC56-EBB1-F3D2ADB30EC5}.Release|Any CPU.Build.0 = Release|Any CPU
	EndGlobalSection
	GlobalSection(SolutionProperties) = preSolution
		HideSolutionNode = FALSE
	EndGlobalSection
	GlobalSection(MonoDevelopProperties) = preSolution
		StartupItem = Assembly-CSharp.csproj
	EndGlobalSection
EndGlobal
