
Microsoft Visual Studio Solution File, Format Version 11.00
# Visual Studio 2010
Project("{FAE04EC0-301F-11D3-BF4B-00C04F79EFBC}") = "por enquanto um cilindro que pula", "Assembly-CSharp.csproj", "{FA351003-1621-9075-528D-93635AD8FC8D}"
EndProject
Global
	GlobalSection(SolutionConfigurationPlatforms) = preSolution
		Debug|Any CPU = Debug|Any CPU
		Release|Any CPU = Release|Any CPU
	EndGlobalSection
	GlobalSection(ProjectConfigurationPlatforms) = postSolution
		{FA351003-1621-9075-528D-93635AD8FC8D}.Debug|Any CPU.ActiveCfg = Debug|Any CPU
		{FA351003-1621-9075-528D-93635AD8FC8D}.Debug|Any CPU.Build.0 = Debug|Any CPU
		{FA351003-1621-9075-528D-93635AD8FC8D}.Release|Any CPU.ActiveCfg = Release|Any CPU
		{FA351003-1621-9075-528D-93635AD8FC8D}.Release|Any CPU.Build.0 = Release|Any CPU
	EndGlobalSection
	GlobalSection(SolutionProperties) = preSolution
		HideSolutionNode = FALSE
	EndGlobalSection
	GlobalSection(MonoDevelopProperties) = preSolution
		StartupItem = Assembly-CSharp.csproj
	EndGlobalSection
EndGlobal
